
Microsoft Visual Studio Solution File, Format Version 12.00
# Visual Studio Version 17
VisualStudioVersion = 17.0.32014.148
MinimumVisualStudioVersion = 10.0.40219.1
Project("{9A19103F-16F7-4668-BE54-9A1E7A4F7556}") = "SharedCalendar", "SharedCalendar\SharedCalendar.csproj", "{B978F4C8-8C9A-44DD-8DDF-74AB29946537}"
EndProject
Project("{FAE04EC0-301F-11D3-BF4B-00C04F79EFBC}") = "SharedCalendar.Droid", "SharedCalendar.Droid\SharedCalendar.Droid.csproj", "{B74C2456-B204-42E2-86FF-A313A74EAD50}"
EndProject
Project("{FAE04EC0-301F-11D3-BF4B-00C04F79EFBC}") = "SharedCalendar.iOS", "SharedCalendar.iOS\SharedCalendar.iOS.csproj", "{E375C2CB-4267-48B4-995D-DAE13ECFA324}"
EndProject
Project("{FAE04EC0-301F-11D3-BF4B-00C04F79EFBC}") = "SharedCalendar.UWP", "SharedCalendar.UWP\SharedCalendar.UWP.csproj", "{AF45DB6A-9729-4020-876D-F23011D81BE0}"
EndProject
Global
	GlobalSection(SolutionConfigurationPlatforms) = preSolution
		Debug|Any CPU = Debug|Any CPU
		Debug|ARM = Debug|ARM
		Debug|iPhone = Debug|iPhone
		Debug|iPhoneSimulator = Debug|iPhoneSimulator
		Debug|x64 = Debug|x64
		Debug|x86 = Debug|x86
		Release|Any CPU = Release|Any CPU
		Release|ARM = Release|ARM
		Release|iPhone = Release|iPhone
		Release|iPhoneSimulator = Release|iPhoneSimulator
		Release|x64 = Release|x64
		Release|x86 = Release|x86
	EndGlobalSection
	GlobalSection(ProjectConfigurationPlatforms) = postSolution
		{B978F4C8-8C9A-44DD-8DDF-74AB29946537}.Debug|Any CPU.ActiveCfg = Debug|Any CPU
		{B978F4C8-8C9A-44DD-8DDF-74AB29946537}.Debug|Any CPU.Build.0 = Debug|Any CPU
		{B978F4C8-8C9A-44DD-8DDF-74AB29946537}.Debug|ARM.ActiveCfg = Debug|Any CPU
		{B978F4C8-8C9A-44DD-8DDF-74AB29946537}.Debug|ARM.Build.0 = Debug|Any CPU
		{B978F4C8-8C9A-44DD-8DDF-74AB29946537}.Debug|iPhone.ActiveCfg = Debug|Any CPU
		{B978F4C8-8C9A-44DD-8DDF-74AB29946537}.Debug|iPhone.Build.0 = Debug|Any CPU
		{B978F4C8-8C9A-44DD-8DDF-74AB29946537}.Debug|iPhoneSimulator.ActiveCfg = Debug|Any CPU
		{B978F4C8-8C9A-44DD-8DDF-74AB29946537}.Debug|iPhoneSimulator.Build.0 = Debug|Any CPU
		{B978F4C8-8C9A-44DD-8DDF-74AB29946537}.Debug|x64.ActiveCfg = Debug|Any CPU
		{B978F4C8-8C9A-44DD-8DDF-74AB29946537}.Debug|x64.Build.0 = Debug|Any CPU
		{B978F4C8-8C9A-44DD-8DDF-74AB29946537}.Debug|x86.ActiveCfg = Debug|Any CPU
		{B978F4C8-8C9A-44DD-8DDF-74AB29946537}.Debug|x86.Build.0 = Debug|Any CPU
		{B978F4C8-8C9A-44DD-8DDF-74AB29946537}.Release|Any CPU.ActiveCfg = Release|Any CPU
		{B978F4C8-8C9A-44DD-8DDF-74AB29946537}.Release|Any CPU.Build.0 = Release|Any CPU
		{B978F4C8-8C9A-44DD-8DDF-74AB29946537}.Release|ARM.ActiveCfg = Release|Any CPU
		{B978F4C8-8C9A-44DD-8DDF-74AB29946537}.Release|ARM.Build.0 = Release|Any CPU
		{B978F4C8-8C9A-44DD-8DDF-74AB29946537}.Release|iPhone.ActiveCfg = Release|Any CPU
		{B978F4C8-8C9A-44DD-8DDF-74AB29946537}.Release|iPhone.Build.0 = Release|Any CPU
		{B978F4C8-8C9A-44DD-8DDF-74AB29946537}.Release|iPhoneSimulator.ActiveCfg = Release|Any CPU
		{B978F4C8-8C9A-44DD-8DDF-74AB29946537}.Release|iPhoneSimulator.Build.0 = Release|Any CPU
		{B978F4C8-8C9A-44DD-8DDF-74AB29946537}.Release|x64.ActiveCfg = Release|Any CPU
		{B978F4C8-8C9A-44DD-8DDF-74AB29946537}.Release|x64.Build.0 = Release|Any CPU
		{B978F4C8-8C9A-44DD-8DDF-74AB29946537}.Release|x86.ActiveCfg = Release|Any CPU
		{B978F4C8-8C9A-44DD-8DDF-74AB29946537}.Release|x86.Build.0 = Release|Any CPU
		{B74C2456-B204-42E2-86FF-A313A74EAD50}.Debug|Any CPU.ActiveCfg = Debug|Any CPU
		{B74C2456-B204-42E2-86FF-A313A74EAD50}.Debug|Any CPU.Build.0 = Debug|Any CPU
		{B74C2456-B204-42E2-86FF-A313A74EAD50}.Debug|Any CPU.Deploy.0 = Debug|Any CPU
		{B74C2456-B204-42E2-86FF-A313A74EAD50}.Debug|ARM.ActiveCfg = Debug|Any CPU
		{B74C2456-B204-42E2-86FF-A313A74EAD50}.Debug|ARM.Build.0 = Debug|Any CPU
		{B74C2456-B204-42E2-86FF-A313A74EAD50}.Debug|ARM.Deploy.0 = Debug|Any CPU
		{B74C2456-B204-42E2-86FF-A313A74EAD50}.Debug|iPhone.ActiveCfg = Debug|Any CPU
		{B74C2456-B204-42E2-86FF-A313A74EAD50}.Debug|iPhone.Build.0 = Debug|Any CPU
		{B74C2456-B204-42E2-86FF-A313A74EAD50}.Debug|iPhone.Deploy.0 = Debug|Any CPU
		{B74C2456-B204-42E2-86FF-A313A74EAD50}.Debug|iPhoneSimulator.ActiveCfg = Debug|Any CPU
		{B74C2456-B204-42E2-86FF-A313A74EAD50}.Debug|iPhoneSimulator.Build.0 = Debug|Any CPU
		{B74C2456-B204-42E2-86FF-A313A74EAD50}.Debug|iPhoneSimulator.Deploy.0 = Debug|Any CPU
		{B74C2456-B204-42E2-86FF-A313A74EAD50}.Debug|x64.ActiveCfg = Debug|Any CPU
		{B74C2456-B204-42E2-86FF-A313A74EAD50}.Debug|x64.Build.0 = Debug|Any CPU
		{B74C2456-B204-42E2-86FF-A313A74EAD50}.Debug|x64.Deploy.0 = Debug|Any CPU
		{B74C2456-B204-42E2-86FF-A313A74EAD50}.Debug|x86.ActiveCfg = Debug|Any CPU
		{B74C2456-B204-42E2-86FF-A313A74EAD50}.Debug|x86.Build.0 = Debug|Any CPU
		{B74C2456-B204-42E2-86FF-A313A74EAD50}.Debug|x86.Deploy.0 = Debug|Any CPU
		{B74C2456-B204-42E2-86FF-A313A74EAD50}.Release|Any CPU.ActiveCfg = Release|Any CPU
		{B74C2456-B204-42E2-86FF-A313A74EAD50}.Release|Any CPU.Build.0 = Release|Any CPU
		{B74C2456-B204-42E2-86FF-A313A74EAD50}.Release|Any CPU.Deploy.0 = Release|Any CPU
		{B74C2456-B204-42E2-86FF-A313A74EAD50}.Release|ARM.ActiveCfg = Release|Any CPU
		{B74C2456-B204-42E2-86FF-A313A74EAD50}.Release|ARM.Build.0 = Release|Any CPU
		{B74C2456-B204-42E2-86FF-A313A74EAD50}.Release|ARM.Deploy.0 = Release|Any CPU
		{B74C2456-B204-42E2-86FF-A313A74EAD50}.Release|iPhone.ActiveCfg = Release|Any CPU
		{B74C2456-B204-42E2-86FF-A313A74EAD50}.Release|iPhone.Build.0 = Release|Any CPU
		{B74C2456-B204-42E2-86FF-A313A74EAD50}.Release|iPhone.Deploy.0 = Release|Any CPU
		{B74C2456-B204-42E2-86FF-A313A74EAD50}.Release|iPhoneSimulator.ActiveCfg = Release|Any CPU
		{B74C2456-B204-42E2-86FF-A313A74EAD50}.Release|iPhoneSimulator.Build.0 = Release|Any CPU
		{B74C2456-B204-42E2-86FF-A313A74EAD50}.Release|iPhoneSimulator.Deploy.0 = Release|Any CPU
		{B74C2456-B204-42E2-86FF-A313A74EAD50}.Release|x64.ActiveCfg = Release|Any CPU
		{B74C2456-B204-42E2-86FF-A313A74EAD50}.Release|x64.Build.0 = Release|Any CPU
		{B74C2456-B204-42E2-86FF-A313A74EAD50}.Release|x64.Deploy.0 = Release|Any CPU
		{B74C2456-B204-42E2-86FF-A313A74EAD50}.Release|x86.ActiveCfg = Release|Any CPU
		{B74C2456-B204-42E2-86FF-A313A74EAD50}.Release|x86.Build.0 = Release|Any CPU
		{B74C2456-B204-42E2-86FF-A313A74EAD50}.Release|x86.Deploy.0 = Release|Any CPU
		{E375C2CB-4267-48B4-995D-DAE13ECFA324}.Debug|Any CPU.ActiveCfg = Debug|iPhoneSimulator
		{E375C2CB-4267-48B4-995D-DAE13ECFA324}.Debug|ARM.ActiveCfg = Debug|iPhoneSimulator
		{E375C2CB-4267-48B4-995D-DAE13ECFA324}.Debug|iPhone.ActiveCfg = Debug|iPhone
		{E375C2CB-4267-48B4-995D-DAE13ECFA324}.Debug|iPhone.Build.0 = Debug|iPhone
		{E375C2CB-4267-48B4-995D-DAE13ECFA324}.Debug|iPhoneSimulator.ActiveCfg = Debug|iPhoneSimulator
		{E375C2CB-4267-48B4-995D-DAE13ECFA324}.Debug|iPhoneSimulator.Build.0 = Debug|iPhoneSimulator
		{E375C2CB-4267-48B4-995D-DAE13ECFA324}.Debug|x64.ActiveCfg = Debug|iPhoneSimulator
		{E375C2CB-4267-48B4-995D-DAE13ECFA324}.Debug|x86.ActiveCfg = Debug|iPhoneSimulator
		{E375C2CB-4267-48B4-995D-DAE13ECFA324}.Release|Any CPU.ActiveCfg = Release|iPhoneSimulator
		{E375C2CB-4267-48B4-995D-DAE13ECFA324}.Release|ARM.ActiveCfg = Release|iPhoneSimulator
		{E375C2CB-4267-48B4-995D-DAE13ECFA324}.Release|iPhone.ActiveCfg = Release|iPhone
		{E375C2CB-4267-48B4-995D-DAE13ECFA324}.Release|iPhone.Build.0 = Release|iPhone
		{E375C2CB-4267-48B4-995D-DAE13ECFA324}.Release|iPhoneSimulator.ActiveCfg = Release|iPhoneSimulator
		{E375C2CB-4267-48B4-995D-DAE13ECFA324}.Release|iPhoneSimulator.Build.0 = Release|iPhoneSimulator
		{E375C2CB-4267-48B4-995D-DAE13ECFA324}.Release|x64.ActiveCfg = Release|iPhoneSimulator
		{E375C2CB-4267-48B4-995D-DAE13ECFA324}.Release|x86.ActiveCfg = Release|iPhoneSimulator
		{AF45DB6A-9729-4020-876D-F23011D81BE0}.Debug|Any CPU.ActiveCfg = Debug|x86
		{AF45DB6A-9729-4020-876D-F23011D81BE0}.Debug|ARM.ActiveCfg = Debug|ARM
		{AF45DB6A-9729-4020-876D-F23011D81BE0}.Debug|ARM.Build.0 = Debug|ARM
		{AF45DB6A-9729-4020-876D-F23011D81BE0}.Debug|ARM.Deploy.0 = Debug|ARM
		{AF45DB6A-9729-4020-876D-F23011D81BE0}.Debug|iPhone.ActiveCfg = Debug|x86
		{AF45DB6A-9729-4020-876D-F23011D81BE0}.Debug|iPhoneSimulator.ActiveCfg = Debug|x86
		{AF45DB6A-9729-4020-876D-F23011D81BE0}.Debug|x64.ActiveCfg = Debug|x64
		{AF45DB6A-9729-4020-876D-F23011D81BE0}.Debug|x64.Build.0 = Debug|x64
		{AF45DB6A-9729-4020-876D-F23011D81BE0}.Debug|x64.Deploy.0 = Debug|x64
		{AF45DB6A-9729-4020-876D-F23011D81BE0}.Debug|x86.ActiveCfg = Debug|x86
		{AF45DB6A-9729-4020-876D-F23011D81BE0}.Debug|x86.Build.0 = Debug|x86
		{AF45DB6A-9729-4020-876D-F23011D81BE0}.Debug|x86.Deploy.0 = Debug|x86
		{AF45DB6A-9729-4020-876D-F23011D81BE0}.Release|Any CPU.ActiveCfg = Release|x86
		{AF45DB6A-9729-4020-876D-F23011D81BE0}.Release|ARM.ActiveCfg = Release|ARM
		{AF45DB6A-9729-4020-876D-F23011D81BE0}.Release|ARM.Build.0 = Release|ARM
		{AF45DB6A-9729-4020-876D-F23011D81BE0}.Release|ARM.Deploy.0 = Release|ARM
		{AF45DB6A-9729-4020-876D-F23011D81BE0}.Release|iPhone.ActiveCfg = Release|x86
		{AF45DB6A-9729-4020-876D-F23011D81BE0}.Release|iPhoneSimulator.ActiveCfg = Release|x86
		{AF45DB6A-9729-4020-876D-F23011D81BE0}.Release|x64.ActiveCfg = Release|x64
		{AF45DB6A-9729-4020-876D-F23011D81BE0}.Release|x64.Build.0 = Release|x64
		{AF45DB6A-9729-4020-876D-F23011D81BE0}.Release|x64.Deploy.0 = Release|x64
		{AF45DB6A-9729-4020-876D-F23011D81BE0}.Release|x86.ActiveCfg = Release|x86
		{AF45DB6A-9729-4020-876D-F23011D81BE0}.Release|x86.Build.0 = Release|x86
		{AF45DB6A-9729-4020-876D-F23011D81BE0}.Release|x86.Deploy.0 = Release|x86
	EndGlobalSection
	GlobalSection(SolutionProperties) = preSolution
		HideSolutionNode = FALSE
	EndGlobalSection
	GlobalSection(ExtensibilityGlobals) = postSolution
		SolutionGuid = {B82B29BD-A709-4322-8BC0-C4A47AADD236}
	EndGlobalSection
EndGlobal
